// !$*UTF8*$!
{
	archiveVersion = 1;
	classes = {
	};
	objectVersion = 46;
	objects = {

/* Begin PBXBuildFile section */
		047ACBE6168053BF00CDF84C /* LoggerClient.m in Sources */ = {isa = PBXBuildFile; fileRef = 047ACBE4168053BF00CDF84C /* LoggerClient.m */; };
		047ACBE7168053BF00CDF84C /* LoggerClient.m in Sources */ = {isa = PBXBuildFile; fileRef = 047ACBE4168053BF00CDF84C /* LoggerClient.m */; };
		047ACBEE1680568500CDF84C /* CFNetwork.framework in Frameworks */ = {isa = PBXBuildFile; fileRef = 047ACBED1680568500CDF84C /* CFNetwork.framework */; };
		047ACBF01680568A00CDF84C /* SystemConfiguration.framework in Frameworks */ = {isa = PBXBuildFile; fileRef = 047ACBEF1680568A00CDF84C /* SystemConfiguration.framework */; };
		04916073167D8FFC00EFD74D /* UIKit.framework in Frameworks */ = {isa = PBXBuildFile; fileRef = 04916072167D8FFC00EFD74D /* UIKit.framework */; };
		04916075167D8FFC00EFD74D /* Foundation.framework in Frameworks */ = {isa = PBXBuildFile; fileRef = 04916074167D8FFC00EFD74D /* Foundation.framework */; };
		04916077167D8FFC00EFD74D /* CoreGraphics.framework in Frameworks */ = {isa = PBXBuildFile; fileRef = 04916076167D8FFC00EFD74D /* CoreGraphics.framework */; };
		0491607D167D8FFC00EFD74D /* InfoPlist.strings in Resources */ = {isa = PBXBuildFile; fileRef = 0491607B167D8FFC00EFD74D /* InfoPlist.strings */; };
		0491607F167D8FFC00EFD74D /* main.m in Sources */ = {isa = PBXBuildFile; fileRef = 0491607E167D8FFC00EFD74D /* main.m */; };
		04916083167D8FFC00EFD74D /* AppDelegate.m in Sources */ = {isa = PBXBuildFile; fileRef = 04916082167D8FFC00EFD74D /* AppDelegate.m */; };
		04916085167D8FFC00EFD74D /* Default.png in Resources */ = {isa = PBXBuildFile; fileRef = 04916084167D8FFC00EFD74D /* Default.png */; };
		04916087167D8FFC00EFD74D /* Default@2x.png in Resources */ = {isa = PBXBuildFile; fileRef = 04916086167D8FFC00EFD74D /* Default@2x.png */; };
		04916089167D8FFC00EFD74D /* Default-568h@2x.png in Resources */ = {isa = PBXBuildFile; fileRef = 04916088167D8FFC00EFD74D /* Default-568h@2x.png */; };
		0491608C167D8FFC00EFD74D /* ViewController.m in Sources */ = {isa = PBXBuildFile; fileRef = 0491608B167D8FFC00EFD74D /* ViewController.m */; };
		0491608F167D8FFC00EFD74D /* ViewController.xib in Resources */ = {isa = PBXBuildFile; fileRef = 0491608D167D8FFC00EFD74D /* ViewController.xib */; };
		04916097167D8FFC00EFD74D /* SenTestingKit.framework in Frameworks */ = {isa = PBXBuildFile; fileRef = 04916096167D8FFC00EFD74D /* SenTestingKit.framework */; };
		04916098167D8FFC00EFD74D /* UIKit.framework in Frameworks */ = {isa = PBXBuildFile; fileRef = 04916072167D8FFC00EFD74D /* UIKit.framework */; };
		04916099167D8FFC00EFD74D /* Foundation.framework in Frameworks */ = {isa = PBXBuildFile; fileRef = 04916074167D8FFC00EFD74D /* Foundation.framework */; };
		049160A1167D8FFC00EFD74D /* InfoPlist.strings in Resources */ = {isa = PBXBuildFile; fileRef = 0491609F167D8FFC00EFD74D /* InfoPlist.strings */; };
		049160A4167D8FFC00EFD74D /* LoggerStorageTests.m in Sources */ = {isa = PBXBuildFile; fileRef = 049160A3167D8FFC00EFD74D /* LoggerStorageTests.m */; };
		049160B0167D906A00EFD74D /* LoggerDataStorage.m in Sources */ = {isa = PBXBuildFile; fileRef = 049160AF167D906A00EFD74D /* LoggerDataStorage.m */; };
		049160B1167D906A00EFD74D /* LoggerDataStorage.m in Sources */ = {isa = PBXBuildFile; fileRef = 049160AF167D906A00EFD74D /* LoggerDataStorage.m */; };
		049160D8167DDB3E00EFD74D /* buddy_jesus.jpg in Resources */ = {isa = PBXBuildFile; fileRef = 049160D7167DDB3E00EFD74D /* buddy_jesus.jpg */; };
		049160D9167DDB3E00EFD74D /* buddy_jesus.jpg in Resources */ = {isa = PBXBuildFile; fileRef = 049160D7167DDB3E00EFD74D /* buddy_jesus.jpg */; };
		049160DC167DDE1400EFD74D /* NSFileManager+DirectoryLocations.m in Sources */ = {isa = PBXBuildFile; fileRef = 049160DB167DDE1400EFD74D /* NSFileManager+DirectoryLocations.m */; };
		049160DD167DDE1400EFD74D /* NSFileManager+DirectoryLocations.m in Sources */ = {isa = PBXBuildFile; fileRef = 049160DB167DDE1400EFD74D /* NSFileManager+DirectoryLocations.m */; };
		04A041EF168E768400136CEF /* LoggerDataOperation.m in Sources */ = {isa = PBXBuildFile; fileRef = 04A041EA168E768400136CEF /* LoggerDataOperation.m */; };
		04A041F0168E768400136CEF /* LoggerDataRead.m in Sources */ = {isa = PBXBuildFile; fileRef = 04A041EC168E768400136CEF /* LoggerDataRead.m */; };
		04A041F1168E768400136CEF /* LoggerDataWrite.m in Sources */ = {isa = PBXBuildFile; fileRef = 04A041EE168E768400136CEF /* LoggerDataWrite.m */; };
		04A041F4168E7E4C00136CEF /* LoggerDataDelete.m in Sources */ = {isa = PBXBuildFile; fileRef = 04A041F3168E7E4B00136CEF /* LoggerDataDelete.m */; };
		04CEBD78169BD4F80060BE56 /* LoggerDataEntry.m in Sources */ = {isa = PBXBuildFile; fileRef = 04CEBD77169BD4F80060BE56 /* LoggerDataEntry.m */; };
/* End PBXBuildFile section */

/* Begin PBXContainerItemProxy section */
		0491609A167D8FFC00EFD74D /* PBXContainerItemProxy */ = {
			isa = PBXContainerItemProxy;
			containerPortal = 04916065167D8FFC00EFD74D /* Project object */;
			proxyType = 1;
			remoteGlobalIDString = 0491606D167D8FFC00EFD74D;
			remoteInfo = LoggerStorage;
		};
/* End PBXContainerItemProxy section */

/* Begin PBXFileReference section */
		047ACBE3168053BF00CDF84C /* LoggerCommon.h */ = {isa = PBXFileReference; fileEncoding = 4; lastKnownFileType = sourcecode.c.h; path = LoggerCommon.h; sourceTree = SOURCE_ROOT; };
		047ACBE4168053BF00CDF84C /* LoggerClient.m */ = {isa = PBXFileReference; fileEncoding = 4; lastKnownFileType = sourcecode.c.objc; path = LoggerClient.m; sourceTree = SOURCE_ROOT; };
		047ACBE5168053BF00CDF84C /* LoggerClient.h */ = {isa = PBXFileReference; fileEncoding = 4; lastKnownFileType = sourcecode.c.h; path = LoggerClient.h; sourceTree = SOURCE_ROOT; };
		047ACBED1680568500CDF84C /* CFNetwork.framework */ = {isa = PBXFileReference; lastKnownFileType = wrapper.framework; name = CFNetwork.framework; path = System/Library/Frameworks/CFNetwork.framework; sourceTree = SDKROOT; };
		047ACBEF1680568A00CDF84C /* SystemConfiguration.framework */ = {isa = PBXFileReference; lastKnownFileType = wrapper.framework; name = SystemConfiguration.framework; path = System/Library/Frameworks/SystemConfiguration.framework; sourceTree = SDKROOT; };
		0491606E167D8FFC00EFD74D /* LoggerStorage.app */ = {isa = PBXFileReference; explicitFileType = wrapper.application; includeInIndex = 0; path = LoggerStorage.app; sourceTree = BUILT_PRODUCTS_DIR; };
		04916072167D8FFC00EFD74D /* UIKit.framework */ = {isa = PBXFileReference; lastKnownFileType = wrapper.framework; name = UIKit.framework; path = System/Library/Frameworks/UIKit.framework; sourceTree = SDKROOT; };
		04916074167D8FFC00EFD74D /* Foundation.framework */ = {isa = PBXFileReference; lastKnownFileType = wrapper.framework; name = Foundation.framework; path = System/Library/Frameworks/Foundation.framework; sourceTree = SDKROOT; };
		04916076167D8FFC00EFD74D /* CoreGraphics.framework */ = {isa = PBXFileReference; lastKnownFileType = wrapper.framework; name = CoreGraphics.framework; path = System/Library/Frameworks/CoreGraphics.framework; sourceTree = SDKROOT; };
		0491607A167D8FFC00EFD74D /* LoggerStorage-Info.plist */ = {isa = PBXFileReference; lastKnownFileType = text.plist.xml; path = "LoggerStorage-Info.plist"; sourceTree = "<group>"; };
		0491607C167D8FFC00EFD74D /* en */ = {isa = PBXFileReference; lastKnownFileType = text.plist.strings; name = en; path = en.lproj/InfoPlist.strings; sourceTree = "<group>"; };
		0491607E167D8FFC00EFD74D /* main.m */ = {isa = PBXFileReference; lastKnownFileType = sourcecode.c.objc; path = main.m; sourceTree = "<group>"; };
		04916080167D8FFC00EFD74D /* LoggerStorage-Prefix.pch */ = {isa = PBXFileReference; lastKnownFileType = sourcecode.c.h; path = "LoggerStorage-Prefix.pch"; sourceTree = "<group>"; };
		04916081167D8FFC00EFD74D /* AppDelegate.h */ = {isa = PBXFileReference; lastKnownFileType = sourcecode.c.h; path = AppDelegate.h; sourceTree = "<group>"; };
		04916082167D8FFC00EFD74D /* AppDelegate.m */ = {isa = PBXFileReference; lastKnownFileType = sourcecode.c.objc; path = AppDelegate.m; sourceTree = "<group>"; };
		04916084167D8FFC00EFD74D /* Default.png */ = {isa = PBXFileReference; lastKnownFileType = image.png; path = Default.png; sourceTree = "<group>"; };
		04916086167D8FFC00EFD74D /* Default@2x.png */ = {isa = PBXFileReference; lastKnownFileType = image.png; path = "Default@2x.png"; sourceTree = "<group>"; };
		04916088167D8FFC00EFD74D /* Default-568h@2x.png */ = {isa = PBXFileReference; lastKnownFileType = image.png; path = "Default-568h@2x.png"; sourceTree = "<group>"; };
		0491608A167D8FFC00EFD74D /* ViewController.h */ = {isa = PBXFileReference; lastKnownFileType = sourcecode.c.h; path = ViewController.h; sourceTree = "<group>"; };
		0491608B167D8FFC00EFD74D /* ViewController.m */ = {isa = PBXFileReference; lastKnownFileType = sourcecode.c.objc; path = ViewController.m; sourceTree = "<group>"; };
		0491608E167D8FFC00EFD74D /* en */ = {isa = PBXFileReference; lastKnownFileType = file.xib; name = en; path = en.lproj/ViewController.xib; sourceTree = "<group>"; };
		04916095167D8FFC00EFD74D /* LoggerStorageTests.octest */ = {isa = PBXFileReference; explicitFileType = wrapper.cfbundle; includeInIndex = 0; path = LoggerStorageTests.octest; sourceTree = BUILT_PRODUCTS_DIR; };
		04916096167D8FFC00EFD74D /* SenTestingKit.framework */ = {isa = PBXFileReference; lastKnownFileType = wrapper.framework; name = SenTestingKit.framework; path = Library/Frameworks/SenTestingKit.framework; sourceTree = DEVELOPER_DIR; };
		0491609E167D8FFC00EFD74D /* LoggerStorageTests-Info.plist */ = {isa = PBXFileReference; lastKnownFileType = text.plist.xml; path = "LoggerStorageTests-Info.plist"; sourceTree = "<group>"; };
		049160A0167D8FFC00EFD74D /* en */ = {isa = PBXFileReference; lastKnownFileType = text.plist.strings; name = en; path = en.lproj/InfoPlist.strings; sourceTree = "<group>"; };
		049160A2167D8FFC00EFD74D /* LoggerStorageTests.h */ = {isa = PBXFileReference; lastKnownFileType = sourcecode.c.h; path = LoggerStorageTests.h; sourceTree = "<group>"; };
		049160A3167D8FFC00EFD74D /* LoggerStorageTests.m */ = {isa = PBXFileReference; lastKnownFileType = sourcecode.c.objc; path = LoggerStorageTests.m; sourceTree = "<group>"; };
		049160AE167D906A00EFD74D /* LoggerDataStorage.h */ = {isa = PBXFileReference; fileEncoding = 4; lastKnownFileType = sourcecode.c.h; path = LoggerDataStorage.h; sourceTree = "<group>"; };
		049160AF167D906A00EFD74D /* LoggerDataStorage.m */ = {isa = PBXFileReference; fileEncoding = 4; lastKnownFileType = sourcecode.c.objc; path = LoggerDataStorage.m; sourceTree = "<group>"; };
		049160CA167DA4E200EFD74D /* NullStringChecker.h */ = {isa = PBXFileReference; fileEncoding = 4; lastKnownFileType = sourcecode.c.h; path = NullStringChecker.h; sourceTree = "<group>"; };
		049160D7167DDB3E00EFD74D /* buddy_jesus.jpg */ = {isa = PBXFileReference; lastKnownFileType = image.jpeg; path = buddy_jesus.jpg; sourceTree = SOURCE_ROOT; };
		049160DA167DDE1400EFD74D /* NSFileManager+DirectoryLocations.h */ = {isa = PBXFileReference; fileEncoding = 4; lastKnownFileType = sourcecode.c.h; path = "NSFileManager+DirectoryLocations.h"; sourceTree = "<group>"; };
		049160DB167DDE1400EFD74D /* NSFileManager+DirectoryLocations.m */ = {isa = PBXFileReference; fileEncoding = 4; lastKnownFileType = sourcecode.c.objc; path = "NSFileManager+DirectoryLocations.m"; sourceTree = "<group>"; };
		04A041E9168E768400136CEF /* LoggerDataOperation.h */ = {isa = PBXFileReference; fileEncoding = 4; lastKnownFileType = sourcecode.c.h; path = LoggerDataOperation.h; sourceTree = "<group>"; };
		04A041EA168E768400136CEF /* LoggerDataOperation.m */ = {isa = PBXFileReference; fileEncoding = 4; lastKnownFileType = sourcecode.c.objc; path = LoggerDataOperation.m; sourceTree = "<group>"; };
		04A041EB168E768400136CEF /* LoggerDataRead.h */ = {isa = PBXFileReference; fileEncoding = 4; lastKnownFileType = sourcecode.c.h; path = LoggerDataRead.h; sourceTree = "<group>"; };
		04A041EC168E768400136CEF /* LoggerDataRead.m */ = {isa = PBXFileReference; fileEncoding = 4; lastKnownFileType = sourcecode.c.objc; path = LoggerDataRead.m; sourceTree = "<group>"; };
		04A041ED168E768400136CEF /* LoggerDataWrite.h */ = {isa = PBXFileReference; fileEncoding = 4; lastKnownFileType = sourcecode.c.h; path = LoggerDataWrite.h; sourceTree = "<group>"; };
		04A041EE168E768400136CEF /* LoggerDataWrite.m */ = {isa = PBXFileReference; fileEncoding = 4; lastKnownFileType = sourcecode.c.objc; path = LoggerDataWrite.m; sourceTree = "<group>"; };
		04A041F2168E7E4B00136CEF /* LoggerDataDelete.h */ = {isa = PBXFileReference; fileEncoding = 4; lastKnownFileType = sourcecode.c.h; path = LoggerDataDelete.h; sourceTree = "<group>"; };
		04A041F3168E7E4B00136CEF /* LoggerDataDelete.m */ = {isa = PBXFileReference; fileEncoding = 4; lastKnownFileType = sourcecode.c.objc; path = LoggerDataDelete.m; sourceTree = "<group>"; };
		04CEBD76169BD4F80060BE56 /* LoggerDataEntry.h */ = {isa = PBXFileReference; fileEncoding = 4; lastKnownFileType = sourcecode.c.h; path = LoggerDataEntry.h; sourceTree = "<group>"; };
		04CEBD77169BD4F80060BE56 /* LoggerDataEntry.m */ = {isa = PBXFileReference; fileEncoding = 4; lastKnownFileType = sourcecode.c.objc; path = LoggerDataEntry.m; sourceTree = "<group>"; };
/* End PBXFileReference section */

/* Begin PBXFrameworksBuildPhase section */
		0491606B167D8FFC00EFD74D /* Frameworks */ = {
			isa = PBXFrameworksBuildPhase;
			buildActionMask = 2147483647;
			files = (
				047ACBF01680568A00CDF84C /* SystemConfiguration.framework in Frameworks */,
				047ACBEE1680568500CDF84C /* CFNetwork.framework in Frameworks */,
				04916073167D8FFC00EFD74D /* UIKit.framework in Frameworks */,
				04916075167D8FFC00EFD74D /* Foundation.framework in Frameworks */,
				04916077167D8FFC00EFD74D /* CoreGraphics.framework in Frameworks */,
			);
			runOnlyForDeploymentPostprocessing = 0;
		};
		04916091167D8FFC00EFD74D /* Frameworks */ = {
			isa = PBXFrameworksBuildPhase;
			buildActionMask = 2147483647;
			files = (
				04916097167D8FFC00EFD74D /* SenTestingKit.framework in Frameworks */,
				04916098167D8FFC00EFD74D /* UIKit.framework in Frameworks */,
				04916099167D8FFC00EFD74D /* Foundation.framework in Frameworks */,
			);
			runOnlyForDeploymentPostprocessing = 0;
		};
/* End PBXFrameworksBuildPhase section */

/* Begin PBXGroup section */
		04916063167D8FFC00EFD74D = {
			isa = PBXGroup;
			children = (
				049160AD167D905100EFD74D /* LoggerDiskStorage */,
				04916078167D8FFC00EFD74D /* LoggerStorage */,
				0491609C167D8FFC00EFD74D /* LoggerStorageTests */,
				04916071167D8FFC00EFD74D /* Frameworks */,
				0491606F167D8FFC00EFD74D /* Products */,
			);
			sourceTree = "<group>";
		};
		0491606F167D8FFC00EFD74D /* Products */ = {
			isa = PBXGroup;
			children = (
				0491606E167D8FFC00EFD74D /* LoggerStorage.app */,
				04916095167D8FFC00EFD74D /* LoggerStorageTests.octest */,
			);
			name = Products;
			sourceTree = "<group>";
		};
		04916071167D8FFC00EFD74D /* Frameworks */ = {
			isa = PBXGroup;
			children = (
				047ACBEF1680568A00CDF84C /* SystemConfiguration.framework */,
				047ACBED1680568500CDF84C /* CFNetwork.framework */,
				04916072167D8FFC00EFD74D /* UIKit.framework */,
				04916074167D8FFC00EFD74D /* Foundation.framework */,
				04916076167D8FFC00EFD74D /* CoreGraphics.framework */,
				04916096167D8FFC00EFD74D /* SenTestingKit.framework */,
			);
			name = Frameworks;
			sourceTree = "<group>";
		};
		04916078167D8FFC00EFD74D /* LoggerStorage */ = {
			isa = PBXGroup;
			children = (
				04916081167D8FFC00EFD74D /* AppDelegate.h */,
				04916082167D8FFC00EFD74D /* AppDelegate.m */,
				0491608A167D8FFC00EFD74D /* ViewController.h */,
				0491608B167D8FFC00EFD74D /* ViewController.m */,
				0491608D167D8FFC00EFD74D /* ViewController.xib */,
				04916079167D8FFC00EFD74D /* Supporting Files */,
			);
			path = LoggerStorage;
			sourceTree = "<group>";
		};
		04916079167D8FFC00EFD74D /* Supporting Files */ = {
			isa = PBXGroup;
			children = (
				049160D7167DDB3E00EFD74D /* buddy_jesus.jpg */,
				0491607A167D8FFC00EFD74D /* LoggerStorage-Info.plist */,
				0491607B167D8FFC00EFD74D /* InfoPlist.strings */,
				0491607E167D8FFC00EFD74D /* main.m */,
				04916080167D8FFC00EFD74D /* LoggerStorage-Prefix.pch */,
				04916084167D8FFC00EFD74D /* Default.png */,
				04916086167D8FFC00EFD74D /* Default@2x.png */,
				04916088167D8FFC00EFD74D /* Default-568h@2x.png */,
			);
			name = "Supporting Files";
			sourceTree = "<group>";
		};
		0491609C167D8FFC00EFD74D /* LoggerStorageTests */ = {
			isa = PBXGroup;
			children = (
				049160A2167D8FFC00EFD74D /* LoggerStorageTests.h */,
				049160A3167D8FFC00EFD74D /* LoggerStorageTests.m */,
				0491609D167D8FFC00EFD74D /* Supporting Files */,
			);
			path = LoggerStorageTests;
			sourceTree = "<group>";
		};
		0491609D167D8FFC00EFD74D /* Supporting Files */ = {
			isa = PBXGroup;
			children = (
				0491609E167D8FFC00EFD74D /* LoggerStorageTests-Info.plist */,
				0491609F167D8FFC00EFD74D /* InfoPlist.strings */,
			);
			name = "Supporting Files";
			sourceTree = "<group>";
		};
		049160AD167D905100EFD74D /* LoggerDiskStorage */ = {
			isa = PBXGroup;
			children = (
				047ACBE3168053BF00CDF84C /* LoggerCommon.h */,
				047ACBE4168053BF00CDF84C /* LoggerClient.m */,
				047ACBE5168053BF00CDF84C /* LoggerClient.h */,
				049160DA167DDE1400EFD74D /* NSFileManager+DirectoryLocations.h */,
				049160DB167DDE1400EFD74D /* NSFileManager+DirectoryLocations.m */,
				049160CA167DA4E200EFD74D /* NullStringChecker.h */,
				049160AE167D906A00EFD74D /* LoggerDataStorage.h */,
				049160AF167D906A00EFD74D /* LoggerDataStorage.m */,
				04CEBD76169BD4F80060BE56 /* LoggerDataEntry.h */,
				04CEBD77169BD4F80060BE56 /* LoggerDataEntry.m */,
				04A041E8168E768400136CEF /* DataOperation */,
			);
			path = LoggerDiskStorage;
			sourceTree = "<group>";
		};
		04A041E8168E768400136CEF /* DataOperation */ = {
			isa = PBXGroup;
			children = (
				04A041E9168E768400136CEF /* LoggerDataOperation.h */,
				04A041EA168E768400136CEF /* LoggerDataOperation.m */,
				04A041EB168E768400136CEF /* LoggerDataRead.h */,
				04A041EC168E768400136CEF /* LoggerDataRead.m */,
				04A041ED168E768400136CEF /* LoggerDataWrite.h */,
				04A041EE168E768400136CEF /* LoggerDataWrite.m */,
				04A041F2168E7E4B00136CEF /* LoggerDataDelete.h */,
				04A041F3168E7E4B00136CEF /* LoggerDataDelete.m */,
			);
			path = DataOperation;
			sourceTree = "<group>";
		};
/* End PBXGroup section */

/* Begin PBXNativeTarget section */
		0491606D167D8FFC00EFD74D /* LoggerStorage */ = {
			isa = PBXNativeTarget;
			buildConfigurationList = 049160A7167D8FFC00EFD74D /* Build configuration list for PBXNativeTarget "LoggerStorage" */;
			buildPhases = (
				0491606A167D8FFC00EFD74D /* Sources */,
				0491606B167D8FFC00EFD74D /* Frameworks */,
				0491606C167D8FFC00EFD74D /* Resources */,
			);
			buildRules = (
			);
			dependencies = (
			);
			name = LoggerStorage;
			productName = LoggerStorage;
			productReference = 0491606E167D8FFC00EFD74D /* LoggerStorage.app */;
			productType = "com.apple.product-type.application";
		};
		04916094167D8FFC00EFD74D /* LoggerStorageTests */ = {
			isa = PBXNativeTarget;
			buildConfigurationList = 049160AA167D8FFC00EFD74D /* Build configuration list for PBXNativeTarget "LoggerStorageTests" */;
			buildPhases = (
				04916090167D8FFC00EFD74D /* Sources */,
				04916091167D8FFC00EFD74D /* Frameworks */,
				04916092167D8FFC00EFD74D /* Resources */,
				04916093167D8FFC00EFD74D /* ShellScript */,
			);
			buildRules = (
			);
			dependencies = (
				0491609B167D8FFC00EFD74D /* PBXTargetDependency */,
			);
			name = LoggerStorageTests;
			productName = LoggerStorageTests;
			productReference = 04916095167D8FFC00EFD74D /* LoggerStorageTests.octest */;
			productType = "com.apple.product-type.bundle";
		};
/* End PBXNativeTarget section */

/* Begin PBXProject section */
		04916065167D8FFC00EFD74D /* Project object */ = {
			isa = PBXProject;
			attributes = {
				LastUpgradeCheck = 0450;
				ORGANIZATIONNAME = "Colorful Glue";
			};
			buildConfigurationList = 04916068167D8FFC00EFD74D /* Build configuration list for PBXProject "LoggerStorage" */;
			compatibilityVersion = "Xcode 3.2";
			developmentRegion = English;
			hasScannedForEncodings = 0;
			knownRegions = (
				en,
			);
			mainGroup = 04916063167D8FFC00EFD74D;
			productRefGroup = 0491606F167D8FFC00EFD74D /* Products */;
			projectDirPath = "";
			projectRoot = "";
			targets = (
				0491606D167D8FFC00EFD74D /* LoggerStorage */,
				04916094167D8FFC00EFD74D /* LoggerStorageTests */,
			);
		};
/* End PBXProject section */

/* Begin PBXResourcesBuildPhase section */
		0491606C167D8FFC00EFD74D /* Resources */ = {
			isa = PBXResourcesBuildPhase;
			buildActionMask = 2147483647;
			files = (
				0491607D167D8FFC00EFD74D /* InfoPlist.strings in Resources */,
				04916085167D8FFC00EFD74D /* Default.png in Resources */,
				04916087167D8FFC00EFD74D /* Default@2x.png in Resources */,
				04916089167D8FFC00EFD74D /* Default-568h@2x.png in Resources */,
				0491608F167D8FFC00EFD74D /* ViewController.xib in Resources */,
				049160D8167DDB3E00EFD74D /* buddy_jesus.jpg in Resources */,
			);
			runOnlyForDeploymentPostprocessing = 0;
		};
		04916092167D8FFC00EFD74D /* Resources */ = {
			isa = PBXResourcesBuildPhase;
			buildActionMask = 2147483647;
			files = (
				049160A1167D8FFC00EFD74D /* InfoPlist.strings in Resources */,
				049160D9167DDB3E00EFD74D /* buddy_jesus.jpg in Resources */,
			);
			runOnlyForDeploymentPostprocessing = 0;
		};
/* End PBXResourcesBuildPhase section */

/* Begin PBXShellScriptBuildPhase section */
		04916093167D8FFC00EFD74D /* ShellScript */ = {
			isa = PBXShellScriptBuildPhase;
			buildActionMask = 2147483647;
			files = (
			);
			inputPaths = (
			);
			outputPaths = (
			);
			runOnlyForDeploymentPostprocessing = 0;
			shellPath = /bin/sh;
			shellScript = "# Run the unit tests in this test bundle.\n\"${SYSTEM_DEVELOPER_DIR}/Tools/RunUnitTests\"\n";
		};
/* End PBXShellScriptBuildPhase section */

/* Begin PBXSourcesBuildPhase section */
		0491606A167D8FFC00EFD74D /* Sources */ = {
			isa = PBXSourcesBuildPhase;
			buildActionMask = 2147483647;
			files = (
				0491607F167D8FFC00EFD74D /* main.m in Sources */,
				04916083167D8FFC00EFD74D /* AppDelegate.m in Sources */,
				0491608C167D8FFC00EFD74D /* ViewController.m in Sources */,
				049160B0167D906A00EFD74D /* LoggerDataStorage.m in Sources */,
				049160DC167DDE1400EFD74D /* NSFileManager+DirectoryLocations.m in Sources */,
				047ACBE6168053BF00CDF84C /* LoggerClient.m in Sources */,
				04A041EF168E768400136CEF /* LoggerDataOperation.m in Sources */,
				04A041F0168E768400136CEF /* LoggerDataRead.m in Sources */,
				04A041F1168E768400136CEF /* LoggerDataWrite.m in Sources */,
				04A041F4168E7E4C00136CEF /* LoggerDataDelete.m in Sources */,
				04CEBD78169BD4F80060BE56 /* LoggerDataEntry.m in Sources */,
			);
			runOnlyForDeploymentPostprocessing = 0;
		};
		04916090167D8FFC00EFD74D /* Sources */ = {
			isa = PBXSourcesBuildPhase;
			buildActionMask = 2147483647;
			files = (
				049160A4167D8FFC00EFD74D /* LoggerStorageTests.m in Sources */,
				049160B1167D906A00EFD74D /* LoggerDataStorage.m in Sources */,
				049160DD167DDE1400EFD74D /* NSFileManager+DirectoryLocations.m in Sources */,
				047ACBE7168053BF00CDF84C /* LoggerClient.m in Sources */,
			);
			runOnlyForDeploymentPostprocessing = 0;
		};
/* End PBXSourcesBuildPhase section */

/* Begin PBXTargetDependency section */
		0491609B167D8FFC00EFD74D /* PBXTargetDependency */ = {
			isa = PBXTargetDependency;
			target = 0491606D167D8FFC00EFD74D /* LoggerStorage */;
			targetProxy = 0491609A167D8FFC00EFD74D /* PBXContainerItemProxy */;
		};
/* End PBXTargetDependency section */

/* Begin PBXVariantGroup section */
		0491607B167D8FFC00EFD74D /* InfoPlist.strings */ = {
			isa = PBXVariantGroup;
			children = (
				0491607C167D8FFC00EFD74D /* en */,
			);
			name = InfoPlist.strings;
			sourceTree = "<group>";
		};
		0491608D167D8FFC00EFD74D /* ViewController.xib */ = {
			isa = PBXVariantGroup;
			children = (
				0491608E167D8FFC00EFD74D /* en */,
			);
			name = ViewController.xib;
			sourceTree = "<group>";
		};
		0491609F167D8FFC00EFD74D /* InfoPlist.strings */ = {
			isa = PBXVariantGroup;
			children = (
				049160A0167D8FFC00EFD74D /* en */,
			);
			name = InfoPlist.strings;
			sourceTree = "<group>";
		};
/* End PBXVariantGroup section */

/* Begin XCBuildConfiguration section */
		049160A5167D8FFC00EFD74D /* Debug */ = {
			isa = XCBuildConfiguration;
			buildSettings = {
				ALWAYS_SEARCH_USER_PATHS = NO;
				CLANG_CXX_LANGUAGE_STANDARD = "gnu++0x";
				CLANG_CXX_LIBRARY = "libc++";
				CLANG_WARN_EMPTY_BODY = YES;
				CLANG_WARN__DUPLICATE_METHOD_MATCH = YES;
				"CODE_SIGN_IDENTITY[sdk=iphoneos*]" = "iPhone Developer";
				COPY_PHASE_STRIP = NO;
				GCC_C_LANGUAGE_STANDARD = gnu99;
				GCC_DYNAMIC_NO_PIC = NO;
				GCC_OPTIMIZATION_LEVEL = 0;
				GCC_PREPROCESSOR_DEFINITIONS = (
					"DEBUG=1",
					"$(inherited)",
				);
				GCC_SYMBOLS_PRIVATE_EXTERN = NO;
				GCC_WARN_ABOUT_RETURN_TYPE = YES;
				GCC_WARN_UNINITIALIZED_AUTOS = YES;
				GCC_WARN_UNUSED_VARIABLE = YES;
				IPHONEOS_DEPLOYMENT_TARGET = 6.0;
				ONLY_ACTIVE_ARCH = YES;
				SDKROOT = iphoneos;
			};
			name = Debug;
		};
		049160A6167D8FFC00EFD74D /* Release */ = {
			isa = XCBuildConfiguration;
			buildSettings = {
				ALWAYS_SEARCH_USER_PATHS = NO;
				CLANG_CXX_LANGUAGE_STANDARD = "gnu++0x";
				CLANG_CXX_LIBRARY = "libc++";
				CLANG_WARN_EMPTY_BODY = YES;
				CLANG_WARN__DUPLICATE_METHOD_MATCH = YES;
				"CODE_SIGN_IDENTITY[sdk=iphoneos*]" = "iPhone Developer";
				COPY_PHASE_STRIP = YES;
				GCC_C_LANGUAGE_STANDARD = gnu99;
				GCC_WARN_ABOUT_RETURN_TYPE = YES;
				GCC_WARN_UNINITIALIZED_AUTOS = YES;
				GCC_WARN_UNUSED_VARIABLE = YES;
				IPHONEOS_DEPLOYMENT_TARGET = 6.0;
				OTHER_CFLAGS = "-DNS_BLOCK_ASSERTIONS=1";
				SDKROOT = iphoneos;
				VALIDATE_PRODUCT = YES;
			};
			name = Release;
		};
		049160A8167D8FFC00EFD74D /* Debug */ = {
			isa = XCBuildConfiguration;
			buildSettings = {
				GCC_PRECOMPILE_PREFIX_HEADER = YES;
				GCC_PREFIX_HEADER = "LoggerStorage/LoggerStorage-Prefix.pch";
				INFOPLIST_FILE = "LoggerStorage/LoggerStorage-Info.plist";
				IPHONEOS_DEPLOYMENT_TARGET = 5.0;
				PRODUCT_NAME = "$(TARGET_NAME)";
				WRAPPER_EXTENSION = app;
			};
			name = Debug;
		};
		049160A9167D8FFC00EFD74D /* Release */ = {
			isa = XCBuildConfiguration;
			buildSettings = {
				GCC_PRECOMPILE_PREFIX_HEADER = YES;
				GCC_PREFIX_HEADER = "LoggerStorage/LoggerStorage-Prefix.pch";
				INFOPLIST_FILE = "LoggerStorage/LoggerStorage-Info.plist";
				IPHONEOS_DEPLOYMENT_TARGET = 5.0;
				PRODUCT_NAME = "$(TARGET_NAME)";
				WRAPPER_EXTENSION = app;
			};
			name = Release;
		};
		049160AB167D8FFC00EFD74D /* Debug */ = {
			isa = XCBuildConfiguration;
			buildSettings = {
				BUNDLE_LOADER = "$(BUILT_PRODUCTS_DIR)/LoggerStorage.app/LoggerStorage";
				FRAMEWORK_SEARCH_PATHS = (
					"\"$(SDKROOT)/Developer/Library/Frameworks\"",
					"\"$(DEVELOPER_LIBRARY_DIR)/Frameworks\"",
				);
				GCC_PRECOMPILE_PREFIX_HEADER = YES;
				GCC_PREFIX_HEADER = "LoggerStorage/LoggerStorage-Prefix.pch";
				INFOPLIST_FILE = "LoggerStorageTests/LoggerStorageTests-Info.plist";
				PRODUCT_NAME = "$(TARGET_NAME)";
				TEST_HOST = "$(BUNDLE_LOADER)";
				WRAPPER_EXTENSION = octest;
			};
			name = Debug;
		};
		049160AC167D8FFC00EFD74D /* Release */ = {
			isa = XCBuildConfiguration;
			buildSettings = {
				BUNDLE_LOADER = "$(BUILT_PRODUCTS_DIR)/LoggerStorage.app/LoggerStorage";
				FRAMEWORK_SEARCH_PATHS = (
					"\"$(SDKROOT)/Developer/Library/Frameworks\"",
					"\"$(DEVELOPER_LIBRARY_DIR)/Frameworks\"",
				);
				GCC_PRECOMPILE_PREFIX_HEADER = YES;
				GCC_PREFIX_HEADER = "LoggerStorage/LoggerStorage-Prefix.pch";
				INFOPLIST_FILE = "LoggerStorageTests/LoggerStorageTests-Info.plist";
				PRODUCT_NAME = "$(TARGET_NAME)";
				TEST_HOST = "$(BUNDLE_LOADER)";
				WRAPPER_EXTENSION = octest;
			};
			name = Release;
		};
/* End XCBuildConfiguration section */

/* Begin XCConfigurationList section */
		04916068167D8FFC00EFD74D /* Build configuration list for PBXProject "LoggerStorage" */ = {
			isa = XCConfigurationList;
			buildConfigurations = (
				049160A5167D8FFC00EFD74D /* Debug */,
				049160A6167D8FFC00EFD74D /* Release */,
			);
			defaultConfigurationIsVisible = 0;
			defaultConfigurationName = Release;
		};
		049160A7167D8FFC00EFD74D /* Build configuration list for PBXNativeTarget "LoggerStorage" */ = {
			isa = XCConfigurationList;
			buildConfigurations = (
				049160A8167D8FFC00EFD74D /* Debug */,
				049160A9167D8FFC00EFD74D /* Release */,
			);
			defaultConfigurationIsVisible = 0;
			defaultConfigurationName = Release;
		};
		049160AA167D8FFC00EFD74D /* Build configuration list for PBXNativeTarget "LoggerStorageTests" */ = {
			isa = XCConfigurationList;
			buildConfigurations = (
				049160AB167D8FFC00EFD74D /* Debug */,
				049160AC167D8FFC00EFD74D /* Release */,
			);
			defaultConfigurationIsVisible = 0;
			defaultConfigurationName = Release;
		};
/* End XCConfigurationList section */
	};
	rootObject = 04916065167D8FFC00EFD74D /* Project object */;
}
