// !$*UTF8*$!
{
	archiveVersion = 1;
	classes = {
	};
	objectVersion = 46;
	objects = {

/* Begin PBXBuildFile section */
		04C1D316172022DB00D773B7 /* UIKit.framework in Frameworks */ = {isa = PBXBuildFile; fileRef = 04C1D315172022DB00D773B7 /* UIKit.framework */; };
		04C1D318172022DB00D773B7 /* Foundation.framework in Frameworks */ = {isa = PBXBuildFile; fileRef = 04C1D317172022DB00D773B7 /* Foundation.framework */; };
		04C1D31A172022DB00D773B7 /* CoreGraphics.framework in Frameworks */ = {isa = PBXBuildFile; fileRef = 04C1D319172022DB00D773B7 /* CoreGraphics.framework */; };
		04C1D320172022DB00D773B7 /* InfoPlist.strings in Resources */ = {isa = PBXBuildFile; fileRef = 04C1D31E172022DB00D773B7 /* InfoPlist.strings */; };
		04C1D322172022DB00D773B7 /* main.m in Sources */ = {isa = PBXBuildFile; fileRef = 04C1D321172022DB00D773B7 /* main.m */; };
		04C1D326172022DB00D773B7 /* AppDelegate.m in Sources */ = {isa = PBXBuildFile; fileRef = 04C1D325172022DB00D773B7 /* AppDelegate.m */; };
		04C1D328172022DB00D773B7 /* Default.png in Resources */ = {isa = PBXBuildFile; fileRef = 04C1D327172022DB00D773B7 /* Default.png */; };
		04C1D32A172022DB00D773B7 /* Default@2x.png in Resources */ = {isa = PBXBuildFile; fileRef = 04C1D329172022DB00D773B7 /* Default@2x.png */; };
		04C1D32C172022DB00D773B7 /* Default-568h@2x.png in Resources */ = {isa = PBXBuildFile; fileRef = 04C1D32B172022DB00D773B7 /* Default-568h@2x.png */; };
		04C1D32F172022DB00D773B7 /* ViewController.m in Sources */ = {isa = PBXBuildFile; fileRef = 04C1D32E172022DB00D773B7 /* ViewController.m */; };
		04C1D332172022DB00D773B7 /* ViewController.xib in Resources */ = {isa = PBXBuildFile; fileRef = 04C1D330172022DB00D773B7 /* ViewController.xib */; };
		04C1D33A1720235300D773B7 /* LoggerNativeBluetoothTransport.m in Sources */ = {isa = PBXBuildFile; fileRef = 04C1D3391720235300D773B7 /* LoggerNativeBluetoothTransport.m */; };
		04C1D33C172024DF00D773B7 /* libresolv.dylib in Frameworks */ = {isa = PBXBuildFile; fileRef = 04C1D33B172024DF00D773B7 /* libresolv.dylib */; };
/* End PBXBuildFile section */

/* Begin PBXFileReference section */
		04C1D312172022DB00D773B7 /* BonjourBluetooth.app */ = {isa = PBXFileReference; explicitFileType = wrapper.application; includeInIndex = 0; path = BonjourBluetooth.app; sourceTree = BUILT_PRODUCTS_DIR; };
		04C1D315172022DB00D773B7 /* UIKit.framework */ = {isa = PBXFileReference; lastKnownFileType = wrapper.framework; name = UIKit.framework; path = System/Library/Frameworks/UIKit.framework; sourceTree = SDKROOT; };
		04C1D317172022DB00D773B7 /* Foundation.framework */ = {isa = PBXFileReference; lastKnownFileType = wrapper.framework; name = Foundation.framework; path = System/Library/Frameworks/Foundation.framework; sourceTree = SDKROOT; };
		04C1D319172022DB00D773B7 /* CoreGraphics.framework */ = {isa = PBXFileReference; lastKnownFileType = wrapper.framework; name = CoreGraphics.framework; path = System/Library/Frameworks/CoreGraphics.framework; sourceTree = SDKROOT; };
		04C1D31D172022DB00D773B7 /* BonjourBluetooth-Info.plist */ = {isa = PBXFileReference; lastKnownFileType = text.plist.xml; path = "BonjourBluetooth-Info.plist"; sourceTree = "<group>"; };
		04C1D31F172022DB00D773B7 /* en */ = {isa = PBXFileReference; lastKnownFileType = text.plist.strings; name = en; path = en.lproj/InfoPlist.strings; sourceTree = "<group>"; };
		04C1D321172022DB00D773B7 /* main.m */ = {isa = PBXFileReference; lastKnownFileType = sourcecode.c.objc; path = main.m; sourceTree = "<group>"; };
		04C1D323172022DB00D773B7 /* BonjourBluetooth-Prefix.pch */ = {isa = PBXFileReference; lastKnownFileType = sourcecode.c.h; path = "BonjourBluetooth-Prefix.pch"; sourceTree = "<group>"; };
		04C1D324172022DB00D773B7 /* AppDelegate.h */ = {isa = PBXFileReference; lastKnownFileType = sourcecode.c.h; path = AppDelegate.h; sourceTree = "<group>"; };
		04C1D325172022DB00D773B7 /* AppDelegate.m */ = {isa = PBXFileReference; lastKnownFileType = sourcecode.c.objc; path = AppDelegate.m; sourceTree = "<group>"; };
		04C1D327172022DB00D773B7 /* Default.png */ = {isa = PBXFileReference; lastKnownFileType = image.png; path = Default.png; sourceTree = "<group>"; };
		04C1D329172022DB00D773B7 /* Default@2x.png */ = {isa = PBXFileReference; lastKnownFileType = image.png; path = "Default@2x.png"; sourceTree = "<group>"; };
		04C1D32B172022DB00D773B7 /* Default-568h@2x.png */ = {isa = PBXFileReference; lastKnownFileType = image.png; path = "Default-568h@2x.png"; sourceTree = "<group>"; };
		04C1D32D172022DB00D773B7 /* ViewController.h */ = {isa = PBXFileReference; lastKnownFileType = sourcecode.c.h; path = ViewController.h; sourceTree = "<group>"; };
		04C1D32E172022DB00D773B7 /* ViewController.m */ = {isa = PBXFileReference; lastKnownFileType = sourcecode.c.objc; path = ViewController.m; sourceTree = "<group>"; };
		04C1D331172022DB00D773B7 /* en */ = {isa = PBXFileReference; lastKnownFileType = file.xib; name = en; path = en.lproj/ViewController.xib; sourceTree = "<group>"; };
		04C1D3381720235300D773B7 /* LoggerNativeBluetoothTransport.h */ = {isa = PBXFileReference; fileEncoding = 4; lastKnownFileType = sourcecode.c.h; name = LoggerNativeBluetoothTransport.h; path = BonjourBluetooth/LoggerNativeBluetoothTransport.h; sourceTree = "<group>"; };
		04C1D3391720235300D773B7 /* LoggerNativeBluetoothTransport.m */ = {isa = PBXFileReference; fileEncoding = 4; lastKnownFileType = sourcecode.c.objc; name = LoggerNativeBluetoothTransport.m; path = BonjourBluetooth/LoggerNativeBluetoothTransport.m; sourceTree = "<group>"; };
		04C1D33B172024DF00D773B7 /* libresolv.dylib */ = {isa = PBXFileReference; lastKnownFileType = "compiled.mach-o.dylib"; name = libresolv.dylib; path = usr/lib/libresolv.dylib; sourceTree = SDKROOT; };
/* End PBXFileReference section */

/* Begin PBXFrameworksBuildPhase section */
		04C1D30F172022DB00D773B7 /* Frameworks */ = {
			isa = PBXFrameworksBuildPhase;
			buildActionMask = 2147483647;
			files = (
				04C1D33C172024DF00D773B7 /* libresolv.dylib in Frameworks */,
				04C1D316172022DB00D773B7 /* UIKit.framework in Frameworks */,
				04C1D318172022DB00D773B7 /* Foundation.framework in Frameworks */,
				04C1D31A172022DB00D773B7 /* CoreGraphics.framework in Frameworks */,
			);
			runOnlyForDeploymentPostprocessing = 0;
		};
/* End PBXFrameworksBuildPhase section */

/* Begin PBXGroup section */
		04C1D309172022DB00D773B7 = {
			isa = PBXGroup;
			children = (
				04C1D33B172024DF00D773B7 /* libresolv.dylib */,
				04C1D3381720235300D773B7 /* LoggerNativeBluetoothTransport.h */,
				04C1D3391720235300D773B7 /* LoggerNativeBluetoothTransport.m */,
				04C1D31B172022DB00D773B7 /* BonjourBluetooth */,
				04C1D314172022DB00D773B7 /* Frameworks */,
				04C1D313172022DB00D773B7 /* Products */,
			);
			sourceTree = "<group>";
		};
		04C1D313172022DB00D773B7 /* Products */ = {
			isa = PBXGroup;
			children = (
				04C1D312172022DB00D773B7 /* BonjourBluetooth.app */,
			);
			name = Products;
			sourceTree = "<group>";
		};
		04C1D314172022DB00D773B7 /* Frameworks */ = {
			isa = PBXGroup;
			children = (
				04C1D315172022DB00D773B7 /* UIKit.framework */,
				04C1D317172022DB00D773B7 /* Foundation.framework */,
				04C1D319172022DB00D773B7 /* CoreGraphics.framework */,
			);
			name = Frameworks;
			sourceTree = "<group>";
		};
		04C1D31B172022DB00D773B7 /* BonjourBluetooth */ = {
			isa = PBXGroup;
			children = (
				04C1D324172022DB00D773B7 /* AppDelegate.h */,
				04C1D325172022DB00D773B7 /* AppDelegate.m */,
				04C1D32D172022DB00D773B7 /* ViewController.h */,
				04C1D32E172022DB00D773B7 /* ViewController.m */,
				04C1D330172022DB00D773B7 /* ViewController.xib */,
				04C1D31C172022DB00D773B7 /* Supporting Files */,
			);
			path = BonjourBluetooth;
			sourceTree = "<group>";
		};
		04C1D31C172022DB00D773B7 /* Supporting Files */ = {
			isa = PBXGroup;
			children = (
				04C1D31D172022DB00D773B7 /* BonjourBluetooth-Info.plist */,
				04C1D31E172022DB00D773B7 /* InfoPlist.strings */,
				04C1D321172022DB00D773B7 /* main.m */,
				04C1D323172022DB00D773B7 /* BonjourBluetooth-Prefix.pch */,
				04C1D327172022DB00D773B7 /* Default.png */,
				04C1D329172022DB00D773B7 /* Default@2x.png */,
				04C1D32B172022DB00D773B7 /* Default-568h@2x.png */,
			);
			name = "Supporting Files";
			sourceTree = "<group>";
		};
/* End PBXGroup section */

/* Begin PBXNativeTarget section */
		04C1D311172022DB00D773B7 /* BonjourBluetooth */ = {
			isa = PBXNativeTarget;
			buildConfigurationList = 04C1D335172022DB00D773B7 /* Build configuration list for PBXNativeTarget "BonjourBluetooth" */;
			buildPhases = (
				04C1D30E172022DB00D773B7 /* Sources */,
				04C1D30F172022DB00D773B7 /* Frameworks */,
				04C1D310172022DB00D773B7 /* Resources */,
			);
			buildRules = (
			);
			dependencies = (
			);
			name = BonjourBluetooth;
			productName = BonjourBluetooth;
			productReference = 04C1D312172022DB00D773B7 /* BonjourBluetooth.app */;
			productType = "com.apple.product-type.application";
		};
/* End PBXNativeTarget section */

/* Begin PBXProject section */
		04C1D30A172022DB00D773B7 /* Project object */ = {
			isa = PBXProject;
			attributes = {
				LastUpgradeCheck = 0460;
				ORGANIZATIONNAME = "Colorful Glue";
			};
			buildConfigurationList = 04C1D30D172022DB00D773B7 /* Build configuration list for PBXProject "BonjourBluetooth" */;
			compatibilityVersion = "Xcode 3.2";
			developmentRegion = English;
			hasScannedForEncodings = 0;
			knownRegions = (
				en,
			);
			mainGroup = 04C1D309172022DB00D773B7;
			productRefGroup = 04C1D313172022DB00D773B7 /* Products */;
			projectDirPath = "";
			projectRoot = "";
			targets = (
				04C1D311172022DB00D773B7 /* BonjourBluetooth */,
			);
		};
/* End PBXProject section */

/* Begin PBXResourcesBuildPhase section */
		04C1D310172022DB00D773B7 /* Resources */ = {
			isa = PBXResourcesBuildPhase;
			buildActionMask = 2147483647;
			files = (
				04C1D320172022DB00D773B7 /* InfoPlist.strings in Resources */,
				04C1D328172022DB00D773B7 /* Default.png in Resources */,
				04C1D32A172022DB00D773B7 /* Default@2x.png in Resources */,
				04C1D32C172022DB00D773B7 /* Default-568h@2x.png in Resources */,
				04C1D332172022DB00D773B7 /* ViewController.xib in Resources */,
			);
			runOnlyForDeploymentPostprocessing = 0;
		};
/* End PBXResourcesBuildPhase section */

/* Begin PBXSourcesBuildPhase section */
		04C1D30E172022DB00D773B7 /* Sources */ = {
			isa = PBXSourcesBuildPhase;
			buildActionMask = 2147483647;
			files = (
				04C1D322172022DB00D773B7 /* main.m in Sources */,
				04C1D326172022DB00D773B7 /* AppDelegate.m in Sources */,
				04C1D32F172022DB00D773B7 /* ViewController.m in Sources */,
				04C1D33A1720235300D773B7 /* LoggerNativeBluetoothTransport.m in Sources */,
			);
			runOnlyForDeploymentPostprocessing = 0;
		};
/* End PBXSourcesBuildPhase section */

/* Begin PBXVariantGroup section */
		04C1D31E172022DB00D773B7 /* InfoPlist.strings */ = {
			isa = PBXVariantGroup;
			children = (
				04C1D31F172022DB00D773B7 /* en */,
			);
			name = InfoPlist.strings;
			sourceTree = "<group>";
		};
		04C1D330172022DB00D773B7 /* ViewController.xib */ = {
			isa = PBXVariantGroup;
			children = (
				04C1D331172022DB00D773B7 /* en */,
			);
			name = ViewController.xib;
			sourceTree = "<group>";
		};
/* End PBXVariantGroup section */

/* Begin XCBuildConfiguration section */
		04C1D333172022DB00D773B7 /* Debug */ = {
			isa = XCBuildConfiguration;
			buildSettings = {
				ALWAYS_SEARCH_USER_PATHS = NO;
				CLANG_CXX_LANGUAGE_STANDARD = "gnu++0x";
				CLANG_CXX_LIBRARY = "libc++";
				CLANG_WARN_CONSTANT_CONVERSION = YES;
				CLANG_WARN_EMPTY_BODY = YES;
				CLANG_WARN_ENUM_CONVERSION = YES;
				CLANG_WARN_INT_CONVERSION = YES;
				CLANG_WARN__DUPLICATE_METHOD_MATCH = YES;
				"CODE_SIGN_IDENTITY[sdk=iphoneos*]" = "iPhone Developer";
				COPY_PHASE_STRIP = NO;
				GCC_C_LANGUAGE_STANDARD = gnu99;
				GCC_DYNAMIC_NO_PIC = NO;
				GCC_OPTIMIZATION_LEVEL = 0;
				GCC_PREPROCESSOR_DEFINITIONS = (
					"DEBUG=1",
					"$(inherited)",
				);
				GCC_SYMBOLS_PRIVATE_EXTERN = NO;
				GCC_WARN_ABOUT_RETURN_TYPE = YES;
				GCC_WARN_UNINITIALIZED_AUTOS = YES;
				GCC_WARN_UNUSED_VARIABLE = YES;
				IPHONEOS_DEPLOYMENT_TARGET = 6.1;
				ONLY_ACTIVE_ARCH = YES;
				SDKROOT = iphoneos;
			};
			name = Debug;
		};
		04C1D334172022DB00D773B7 /* Release */ = {
			isa = XCBuildConfiguration;
			buildSettings = {
				ALWAYS_SEARCH_USER_PATHS = NO;
				CLANG_CXX_LANGUAGE_STANDARD = "gnu++0x";
				CLANG_CXX_LIBRARY = "libc++";
				CLANG_WARN_CONSTANT_CONVERSION = YES;
				CLANG_WARN_EMPTY_BODY = YES;
				CLANG_WARN_ENUM_CONVERSION = YES;
				CLANG_WARN_INT_CONVERSION = YES;
				CLANG_WARN__DUPLICATE_METHOD_MATCH = YES;
				"CODE_SIGN_IDENTITY[sdk=iphoneos*]" = "iPhone Developer";
				COPY_PHASE_STRIP = YES;
				GCC_C_LANGUAGE_STANDARD = gnu99;
				GCC_WARN_ABOUT_RETURN_TYPE = YES;
				GCC_WARN_UNINITIALIZED_AUTOS = YES;
				GCC_WARN_UNUSED_VARIABLE = YES;
				IPHONEOS_DEPLOYMENT_TARGET = 6.1;
				OTHER_CFLAGS = "-DNS_BLOCK_ASSERTIONS=1";
				SDKROOT = iphoneos;
				VALIDATE_PRODUCT = YES;
			};
			name = Release;
		};
		04C1D336172022DB00D773B7 /* Debug */ = {
			isa = XCBuildConfiguration;
			buildSettings = {
				GCC_PRECOMPILE_PREFIX_HEADER = YES;
				GCC_PREFIX_HEADER = "BonjourBluetooth/BonjourBluetooth-Prefix.pch";
				INFOPLIST_FILE = "BonjourBluetooth/BonjourBluetooth-Info.plist";
				IPHONEOS_DEPLOYMENT_TARGET = 5.1;
				PRODUCT_NAME = "$(TARGET_NAME)";
				WRAPPER_EXTENSION = app;
			};
			name = Debug;
		};
		04C1D337172022DB00D773B7 /* Release */ = {
			isa = XCBuildConfiguration;
			buildSettings = {
				GCC_PRECOMPILE_PREFIX_HEADER = YES;
				GCC_PREFIX_HEADER = "BonjourBluetooth/BonjourBluetooth-Prefix.pch";
				INFOPLIST_FILE = "BonjourBluetooth/BonjourBluetooth-Info.plist";
				IPHONEOS_DEPLOYMENT_TARGET = 5.1;
				PRODUCT_NAME = "$(TARGET_NAME)";
				WRAPPER_EXTENSION = app;
			};
			name = Release;
		};
/* End XCBuildConfiguration section */

/* Begin XCConfigurationList section */
		04C1D30D172022DB00D773B7 /* Build configuration list for PBXProject "BonjourBluetooth" */ = {
			isa = XCConfigurationList;
			buildConfigurations = (
				04C1D333172022DB00D773B7 /* Debug */,
				04C1D334172022DB00D773B7 /* Release */,
			);
			defaultConfigurationIsVisible = 0;
			defaultConfigurationName = Release;
		};
		04C1D335172022DB00D773B7 /* Build configuration list for PBXNativeTarget "BonjourBluetooth" */ = {
			isa = XCConfigurationList;
			buildConfigurations = (
				04C1D336172022DB00D773B7 /* Debug */,
				04C1D337172022DB00D773B7 /* Release */,
			);
			defaultConfigurationIsVisible = 0;
		};
/* End XCConfigurationList section */
	};
	rootObject = 04C1D30A172022DB00D773B7 /* Project object */;
}
